
Microsoft Visual Studio Solution File, Format Version 12.00
# Visual Studio 15
VisualStudioVersion = 15.0.26430.6
MinimumVisualStudioVersion = 10.0.40219.1
Project("{FAE04EC0-301F-11D3-BF4B-00C04F79EFBC}") = "RadiusCore", "RadiusCore\RadiusCore.csproj", "{89A8E92C-FE34-48FC-8CF9-6C07A19C8473}"
EndProject
Project("{FAE04EC0-301F-11D3-BF4B-00C04F79EFBC}") = "RadiusCore.Tests", "RadiusCore.Tests\RadiusCore.Tests.csproj", "{84B5A175-B964-49C6-ACA8-9B0A3A9EA3DC}"
EndProject
Global
	GlobalSection(SolutionConfigurationPlatforms) = preSolution
		Debug|Any CPU = Debug|Any CPU
		Release|Any CPU = Release|Any CPU
	EndGlobalSection
	GlobalSection(ProjectConfigurationPlatforms) = postSolution
		{89A8E92C-FE34-48FC-8CF9-6C07A19C8473}.Debug|Any CPU.ActiveCfg = Debug|Any CPU
		{89A8E92C-FE34-48FC-8CF9-6C07A19C8473}.Debug|Any CPU.Build.0 = Debug|Any CPU
		{89A8E92C-FE34-48FC-8CF9-6C07A19C8473}.Release|Any CPU.ActiveCfg = Release|Any CPU
		{89A8E92C-FE34-48FC-8CF9-6C07A19C8473}.Release|Any CPU.Build.0 = Release|Any CPU
		{84B5A175-B964-49C6-ACA8-9B0A3A9EA3DC}.Debug|Any CPU.ActiveCfg = Debug|Any CPU
		{84B5A175-B964-49C6-ACA8-9B0A3A9EA3DC}.Debug|Any CPU.Build.0 = Debug|Any CPU
		{84B5A175-B964-49C6-ACA8-9B0A3A9EA3DC}.Release|Any CPU.ActiveCfg = Release|Any CPU
		{84B5A175-B964-49C6-ACA8-9B0A3A9EA3DC}.Release|Any CPU.Build.0 = Release|Any CPU
	EndGlobalSection
	GlobalSection(SolutionProperties) = preSolution
		HideSolutionNode = FALSE
	EndGlobalSection
EndGlobal
